
Microsoft Visual Studio Solution File, Format Version 12.00
# Visual Studio 15
VisualStudioVersion = 15.0.27004.2009
MinimumVisualStudioVersion = 10.0.40219.1
Project("{FAE04EC0-301F-11D3-BF4B-00C04F79EFBC}") = "ParseSCCMLogs", "ParseSCCMLogs\ParseSCCMLogs.csproj", "{BFC0C2CA-A1AC-4D8F-8CE9-61AB49387E32}"
EndProject
Global
	GlobalSection(SolutionConfigurationPlatforms) = preSolution
		Debug Remote|Any CPU = Debug Remote|Any CPU
		Debug SQL|Any CPU = Debug SQL|Any CPU
		Debug|Any CPU = Debug|Any CPU
		Release|Any CPU = Release|Any CPU
	EndGlobalSection
	GlobalSection(ProjectConfigurationPlatforms) = postSolution
		{BFC0C2CA-A1AC-4D8F-8CE9-61AB49387E32}.Debug Remote|Any CPU.ActiveCfg = Debug Remote|Any CPU
		{BFC0C2CA-A1AC-4D8F-8CE9-61AB49387E32}.Debug Remote|Any CPU.Build.0 = Debug Remote|Any CPU
		{BFC0C2CA-A1AC-4D8F-8CE9-61AB49387E32}.Debug SQL|Any CPU.ActiveCfg = Debug SQL|Any CPU
		{BFC0C2CA-A1AC-4D8F-8CE9-61AB49387E32}.Debug SQL|Any CPU.Build.0 = Debug SQL|Any CPU
		{BFC0C2CA-A1AC-4D8F-8CE9-61AB49387E32}.Debug|Any CPU.ActiveCfg = Debug|Any CPU
		{BFC0C2CA-A1AC-4D8F-8CE9-61AB49387E32}.Debug|Any CPU.Build.0 = Debug|Any CPU
		{BFC0C2CA-A1AC-4D8F-8CE9-61AB49387E32}.Release|Any CPU.ActiveCfg = Release|Any CPU
		{BFC0C2CA-A1AC-4D8F-8CE9-61AB49387E32}.Release|Any CPU.Build.0 = Release|Any CPU
	EndGlobalSection
	GlobalSection(SolutionProperties) = preSolution
		HideSolutionNode = FALSE
	EndGlobalSection
	GlobalSection(ExtensibilityGlobals) = postSolution
		SolutionGuid = {A5E0D21D-8159-4B70-B33E-44C0F3E24251}
	EndGlobalSection
EndGlobal
